
Microsoft Visual Studio Solution File, Format Version 12.00
# Visual Studio Version 17
VisualStudioVersion = 17.8.34316.72
MinimumVisualStudioVersion = 10.0.40219.1
Project("{FAE04EC0-301F-11D3-BF4B-00C04F79EFBC}") = "TabelaFIPE", "TabelaFIPE\TabelaFIPE.csproj", "{14523AE1-80BB-42DB-A652-BA21ED35FC5A}"
EndProject
Global
	GlobalSection(SolutionConfigurationPlatforms) = preSolution
		Debug|Any CPU = Debug|Any CPU
		Release|Any CPU = Release|Any CPU
	EndGlobalSection
	GlobalSection(ProjectConfigurationPlatforms) = postSolution
		{14523AE1-80BB-42DB-A652-BA21ED35FC5A}.Debug|Any CPU.ActiveCfg = Debug|Any CPU
		{14523AE1-80BB-42DB-A652-BA21ED35FC5A}.Debug|Any CPU.Build.0 = Debug|Any CPU
		{14523AE1-80BB-42DB-A652-BA21ED35FC5A}.Release|Any CPU.ActiveCfg = Release|Any CPU
		{14523AE1-80BB-42DB-A652-BA21ED35FC5A}.Release|Any CPU.Build.0 = Release|Any CPU
	EndGlobalSection
	GlobalSection(SolutionProperties) = preSolution
		HideSolutionNode = FALSE
	EndGlobalSection
	GlobalSection(ExtensibilityGlobals) = postSolution
		SolutionGuid = {3FAB39C8-6127-4D6D-8DB0-50CC59AE8223}
	EndGlobalSection
EndGlobal
